{
  "name": "example",
  "version": "1.0.0",
  "lockfileVersion": 1,
  "requires": true,
  "dependencies": {
    "@yoshinorin/npm-publish-sandbox": {
      "version": "0.0.1",
      "resolved": "https://registry.npmjs.org/@yoshinorin/npm-publish-sandbox/-/npm-publish-sandbox-0.0.1.tgz",
      "integrity": "sha512-VzSXN7gaE/q9IoYxVF4OWugJuChsFID2GWmyPJZuqNsk7vH3vL9PhFxwtHNkTj3OlTJvZrMtrkqYiE7ucqiVUQ=="
    }
  }
}
