{
  "name": "example",
  "version": "1.0.0",
  "lockfileVersion": 1,
  "requires": true,
  "dependencies": {
    "@yoshinorin/npm-publish-sandbox": {
      "version": "0.1.5",
      "resolved": "https://registry.npmjs.org/@yoshinorin/npm-publish-sandbox/-/npm-publish-sandbox-0.1.5.tgz",
      "integrity": "sha512-54wcOZNPjufdd66gqzs+MbapBlWcQrXwwnHa2tgVz1oHexQyzj7L6cIGXMSBkrmN3nZc/V8aHXc0C6mPpJRJzw=="
    }
  }
}
