{
  "name": "example",
  "version": "1.0.0",
  "lockfileVersion": 1,
  "requires": true,
  "dependencies": {
    "@yoshinorin/npm-publish-sandbox": {
      "version": "1.0.0",
      "resolved": "https://registry.npmjs.org/@yoshinorin/npm-publish-sandbox/-/npm-publish-sandbox-1.0.0.tgz",
      "integrity": "sha512-9qAmYCN5eaWxZezcechqSZfi0WnuUTHvIgCqA3ZiQAWQRE4x/e2aeJ2+q7A+5PbjELcb9D0P2sJafx+yQtsV2A=="
    }
  }
}
